
Microsoft Visual Studio Solution File, Format Version 12.00
Project("{FAE04EC0-301F-11D3-BF4B-00C04F79EFBC}") = "Host", "Host\Host.csproj", "{0F54D341-7252-453B-96C5-FBE6FCF175EE}"
EndProject
Project("{2150E333-8FDC-42A3-9474-1A3956D46DE8}") = "App", "App", "{3ECECAB8-731F-40DB-AD05-0B5FAB57C426}"
EndProject
Project("{FAE04EC0-301F-11D3-BF4B-00C04F79EFBC}") = "Api", "..\Template\Api\Api.csproj", "{06CEB5CF-AB3F-43E8-B9B3-C0AF0F679548}"
EndProject
Project("{2150E333-8FDC-42A3-9474-1A3956D46DE8}") = "Auth", "Auth", "{9AD9B6A8-19E4-4A95-8E3F-925859292E60}"
EndProject
Project("{FAE04EC0-301F-11D3-BF4B-00C04F79EFBC}") = "Auth.Api", "..\Auth\Auth.Api\Auth.Api.csproj", "{D3F0394A-BDD4-4DB8-9028-D3BC656EF376}"
EndProject
Project("{FAE04EC0-301F-11D3-BF4B-00C04F79EFBC}") = "HostServiceDefaults", "HostServiceDefaults\HostServiceDefaults.csproj", "{D2B35901-F92B-4ECF-895B-02E7A6EC9EA8}"
EndProject
Project("{2150E333-8FDC-42A3-9474-1A3956D46DE8}") = "Host", "Host", "{E936C0F6-ACB8-414A-92D9-130D569368F5}"
EndProject
Project("{2150E333-8FDC-42A3-9474-1A3956D46DE8}") = "SharedKernel", "SharedKernel", "{670DD87F-5833-402F-BB13-C9F8673324A5}"
EndProject
Project("{FAE04EC0-301F-11D3-BF4B-00C04F79EFBC}") = "SharedKernel", "..\SharedKernel\SharedKernel.csproj", "{FAEB170D-C3FD-4F34-A7AB-26A143D17F3C}"
EndProject
Global
	GlobalSection(SolutionConfigurationPlatforms) = preSolution
		Debug|Any CPU = Debug|Any CPU
		Release|Any CPU = Release|Any CPU
	EndGlobalSection
	GlobalSection(ProjectConfigurationPlatforms) = postSolution
		{0F54D341-7252-453B-96C5-FBE6FCF175EE}.Debug|Any CPU.ActiveCfg = Debug|Any CPU
		{0F54D341-7252-453B-96C5-FBE6FCF175EE}.Debug|Any CPU.Build.0 = Debug|Any CPU
		{0F54D341-7252-453B-96C5-FBE6FCF175EE}.Release|Any CPU.ActiveCfg = Release|Any CPU
		{0F54D341-7252-453B-96C5-FBE6FCF175EE}.Release|Any CPU.Build.0 = Release|Any CPU
		{06CEB5CF-AB3F-43E8-B9B3-C0AF0F679548}.Debug|Any CPU.ActiveCfg = Debug|Any CPU
		{06CEB5CF-AB3F-43E8-B9B3-C0AF0F679548}.Debug|Any CPU.Build.0 = Debug|Any CPU
		{06CEB5CF-AB3F-43E8-B9B3-C0AF0F679548}.Release|Any CPU.ActiveCfg = Release|Any CPU
		{06CEB5CF-AB3F-43E8-B9B3-C0AF0F679548}.Release|Any CPU.Build.0 = Release|Any CPU
		{D3F0394A-BDD4-4DB8-9028-D3BC656EF376}.Debug|Any CPU.ActiveCfg = Debug|Any CPU
		{D3F0394A-BDD4-4DB8-9028-D3BC656EF376}.Debug|Any CPU.Build.0 = Debug|Any CPU
		{D3F0394A-BDD4-4DB8-9028-D3BC656EF376}.Release|Any CPU.ActiveCfg = Release|Any CPU
		{D3F0394A-BDD4-4DB8-9028-D3BC656EF376}.Release|Any CPU.Build.0 = Release|Any CPU
		{D2B35901-F92B-4ECF-895B-02E7A6EC9EA8}.Debug|Any CPU.ActiveCfg = Debug|Any CPU
		{D2B35901-F92B-4ECF-895B-02E7A6EC9EA8}.Debug|Any CPU.Build.0 = Debug|Any CPU
		{D2B35901-F92B-4ECF-895B-02E7A6EC9EA8}.Release|Any CPU.ActiveCfg = Release|Any CPU
		{D2B35901-F92B-4ECF-895B-02E7A6EC9EA8}.Release|Any CPU.Build.0 = Release|Any CPU
		{FAEB170D-C3FD-4F34-A7AB-26A143D17F3C}.Debug|Any CPU.ActiveCfg = Debug|Any CPU
		{FAEB170D-C3FD-4F34-A7AB-26A143D17F3C}.Debug|Any CPU.Build.0 = Debug|Any CPU
		{FAEB170D-C3FD-4F34-A7AB-26A143D17F3C}.Release|Any CPU.ActiveCfg = Release|Any CPU
		{FAEB170D-C3FD-4F34-A7AB-26A143D17F3C}.Release|Any CPU.Build.0 = Release|Any CPU
	EndGlobalSection
	GlobalSection(NestedProjects) = preSolution
		{06CEB5CF-AB3F-43E8-B9B3-C0AF0F679548} = {3ECECAB8-731F-40DB-AD05-0B5FAB57C426}
		{D3F0394A-BDD4-4DB8-9028-D3BC656EF376} = {9AD9B6A8-19E4-4A95-8E3F-925859292E60}
		{0F54D341-7252-453B-96C5-FBE6FCF175EE} = {E936C0F6-ACB8-414A-92D9-130D569368F5}
		{D2B35901-F92B-4ECF-895B-02E7A6EC9EA8} = {E936C0F6-ACB8-414A-92D9-130D569368F5}
		{FAEB170D-C3FD-4F34-A7AB-26A143D17F3C} = {670DD87F-5833-402F-BB13-C9F8673324A5}
	EndGlobalSection
EndGlobal
